{
  "name": "reference-gen",
  "version": "1.0.0",
  "lockfileVersion": 3,
  "requires": true,
  "packages": {
    "": {
      "name": "reference-gen",
      "version": "1.0.0",
      "license": "ISC",
      "dependencies": {
        "heti": "^0.9.6",
        "playwright-core": "^1.63.0"
      }
    },
    "node_modules/heti": {
      "version": "0.9.6",
      "resolved": "https://registry.npmmirror.com/heti/-/heti-0.9.6.tgz",
      "integrity": "sha512-HdfW9QENMp0j54mgrRqEMJ4oa9CmhvrbRk9ijr1IGqxCmVa8Z8ENftHowCSSC2unAL+Qbglu8k8OLneuNV0jeQ==",
      "license": "MIT",
      "dependencies": {
        "heti-findandreplacedomtext": "^0.5.0"
      }
    },
    "node_modules/heti-findandreplacedomtext": {
      "version": "0.5.0",
      "resolved": "https://registry.npmmirror.com/heti-findandreplacedomtext/-/heti-findandreplacedomtext-0.5.0.tgz",
      "integrity": "sha512-GFZjqU8LAdu1uR72GqrReI+lzNLMlcWtvdz1TKNJiofyo1mfTecFYSZEoEbcLcRMl+KwEldnNQoS4BwO8wtg0A==",
      "license": "unlicense"
    },
    "node_modules/playwright-core": {
      "version": "1.63.0",
      "resolved": "https://registry.npmmirror.com/playwright-core/-/playwright-core-1.63.0.tgz",
      "integrity": "sha512-rYCsBF/M5HjUch52bbtVONEFjv6Xu8sm8h72dNlR5bzIE1fvC/bxgspzkjSfU+MweEMmPM8KJebG6nnyxo5mCg==",
      "license": "Apache-2.0",
      "bin": {
        "playwright-core": "cli.js"
      },
      "engines": {
        "node": ">=20"
      }
    }
  }
}
